{
  "name": "cjs-module-lexer-reexports-repro",
  "version": "1.0.0",
  "lockfileVersion": 3,
  "requires": true,
  "packages": {
    "": {
      "name": "cjs-module-lexer-reexports-repro",
      "version": "1.0.0",
      "license": "ISC",
      "devDependencies": {
        "cjs-module-lexer": "^1.3.1"
      }
    },
    "node_modules/cjs-module-lexer": {
      "version": "1.3.1",
      "resolved": "https://registry.npmjs.org/cjs-module-lexer/-/cjs-module-lexer-1.3.1.tgz",
      "integrity": "sha512-a3KdPAANPbNE4ZUv9h6LckSl9zLsYOP4MBmhIPkRaeyybt+r4UghLvq+xw/YwUcC1gqylCkL4rdVs3Lwupjm4Q==",
      "dev": true
    }
  }
}
